
Microsoft Visual Studio Solution File, Format Version 12.00
# Visual Studio 15
VisualStudioVersion = 15.0.28307.1062
MinimumVisualStudioVersion = 10.0.40219.1
Project("{FAE04EC0-301F-11D3-BF4B-00C04F79EFBC}") = "OdeToFood", "OdeToFood\OdeToFood.csproj", "{E29A9B39-1AE3-4778-9312-79FC0C1EA04C}"
EndProject
Project("{FAE04EC0-301F-11D3-BF4B-00C04F79EFBC}") = "OdeToFood.Core", "OdeToFood.Core\OdeToFood.Core.csproj", "{028209AC-2D95-461F-AA04-B71573BA6105}"
EndProject
Project("{FAE04EC0-301F-11D3-BF4B-00C04F79EFBC}") = "OdeToFood.Data", "OdeToFood.Data\OdeToFood.Data.csproj", "{1A0FA631-8CC3-49E4-98AF-03B7A63079ED}"
EndProject
Global
	GlobalSection(SolutionConfigurationPlatforms) = preSolution
		Debug|Any CPU = Debug|Any CPU
		Release|Any CPU = Release|Any CPU
	EndGlobalSection
	GlobalSection(ProjectConfigurationPlatforms) = postSolution
		{E29A9B39-1AE3-4778-9312-79FC0C1EA04C}.Debug|Any CPU.ActiveCfg = Debug|Any CPU
		{E29A9B39-1AE3-4778-9312-79FC0C1EA04C}.Debug|Any CPU.Build.0 = Debug|Any CPU
		{E29A9B39-1AE3-4778-9312-79FC0C1EA04C}.Release|Any CPU.ActiveCfg = Release|Any CPU
		{E29A9B39-1AE3-4778-9312-79FC0C1EA04C}.Release|Any CPU.Build.0 = Release|Any CPU
		{028209AC-2D95-461F-AA04-B71573BA6105}.Debug|Any CPU.ActiveCfg = Debug|Any CPU
		{028209AC-2D95-461F-AA04-B71573BA6105}.Debug|Any CPU.Build.0 = Debug|Any CPU
		{028209AC-2D95-461F-AA04-B71573BA6105}.Release|Any CPU.ActiveCfg = Release|Any CPU
		{028209AC-2D95-461F-AA04-B71573BA6105}.Release|Any CPU.Build.0 = Release|Any CPU
		{1A0FA631-8CC3-49E4-98AF-03B7A63079ED}.Debug|Any CPU.ActiveCfg = Debug|Any CPU
		{1A0FA631-8CC3-49E4-98AF-03B7A63079ED}.Debug|Any CPU.Build.0 = Debug|Any CPU
		{1A0FA631-8CC3-49E4-98AF-03B7A63079ED}.Release|Any CPU.ActiveCfg = Release|Any CPU
		{1A0FA631-8CC3-49E4-98AF-03B7A63079ED}.Release|Any CPU.Build.0 = Release|Any CPU
	EndGlobalSection
	GlobalSection(SolutionProperties) = preSolution
		HideSolutionNode = FALSE
	EndGlobalSection
	GlobalSection(ExtensibilityGlobals) = postSolution
		SolutionGuid = {295B3B43-6F6E-43B4-A091-50B5B79F2AEC}
	EndGlobalSection
EndGlobal
